# THIS IS AN AUTOGENERATED FILE. DO NOT EDIT THIS FILE DIRECTLY.
# yarn lockfile v1


bharyang@^0.0.3:
  version "0.0.3"
  resolved "https://registry.yarnpkg.com/bharyang/-/bharyang-0.0.3.tgz#2db7f0c48461cc2575927c1f04af210574649214"
  dependencies:
    sort-o "^1.7.1"

sort-o@^1.7.1:
  version "1.7.1"
  resolved "https://registry.yarnpkg.com/sort-o/-/sort-o-1.7.1.tgz#353229c6c4b455e7926b157a223cdc661cbf23b1"
